// !$*UTF8*$!
{
	archiveVersion = 1;
	classes = {
	};
	objectVersion = 56;
	objects = {

/* Begin PBXBuildFile section */
		2AB757A12D0A284900963880 /* AppDelegate.swift in Sources */ = {isa = PBXBuildFile; fileRef = 2AB757A02D0A284900963880 /* AppDelegate.swift */; };
		2AB757A32D0A284900963880 /* SceneDelegate.swift in Sources */ = {isa = PBXBuildFile; fileRef = 2AB757A22D0A284900963880 /* SceneDelegate.swift */; };
		2AB757A52D0A284900963880 /* ViewController.swift in Sources */ = {isa = PBXBuildFile; fileRef = 2AB757A42D0A284900963880 /* ViewController.swift */; };
		2AB757A82D0A284A00963880 /* Main.storyboard in Resources */ = {isa = PBXBuildFile; fileRef = 2AB757A62D0A284A00963880 /* Main.storyboard */; };
		2AB757AA2D0A284D00963880 /* Assets.xcassets in Resources */ = {isa = PBXBuildFile; fileRef = 2AB757A92D0A284D00963880 /* Assets.xcassets */; };
		2AB757AD2D0A284D00963880 /* LaunchScreen.storyboard in Resources */ = {isa = PBXBuildFile; fileRef = 2AB757AB2D0A284D00963880 /* LaunchScreen.storyboard */; };
		2AB757B82D0A284D00963880 /* chanceTests.swift in Sources */ = {isa = PBXBuildFile; fileRef = 2AB757B72D0A284D00963880 /* chanceTests.swift */; };
		2AB757C22D0A284D00963880 /* chanceUITests.swift in Sources */ = {isa = PBXBuildFile; fileRef = 2AB757C12D0A284D00963880 /* chanceUITests.swift */; };
		2AB757C42D0A284D00963880 /* chanceUITestsLaunchTests.swift in Sources */ = {isa = PBXBuildFile; fileRef = 2AB757C32D0A284D00963880 /* chanceUITestsLaunchTests.swift */; };
/* End PBXBuildFile section */

/* Begin PBXContainerItemProxy section */
		2AB757B42D0A284D00963880 /* PBXContainerItemProxy */ = {
			isa = PBXContainerItemProxy;
			containerPortal = 2AB757952D0A284900963880 /* Project object */;
			proxyType = 1;
			remoteGlobalIDString = 2AB7579C2D0A284900963880;
			remoteInfo = chance;
		};
		2AB757BE2D0A284D00963880 /* PBXContainerItemProxy */ = {
			isa = PBXContainerItemProxy;
			containerPortal = 2AB757952D0A284900963880 /* Project object */;
			proxyType = 1;
			remoteGlobalIDString = 2AB7579C2D0A284900963880;
			remoteInfo = chance;
		};
/* End PBXContainerItemProxy section */

/* Begin PBXFileReference section */
		2AB7579D2D0A284900963880 /* chance.app */ = {isa = PBXFileReference; explicitFileType = wrapper.application; includeInIndex = 0; path = chance.app; sourceTree = BUILT_PRODUCTS_DIR; };
		2AB757A02D0A284900963880 /* AppDelegate.swift */ = {isa = PBXFileReference; lastKnownFileType = sourcecode.swift; path = AppDelegate.swift; sourceTree = "<group>"; };
		2AB757A22D0A284900963880 /* SceneDelegate.swift */ = {isa = PBXFileReference; lastKnownFileType = sourcecode.swift; path = SceneDelegate.swift; sourceTree = "<group>"; };
		2AB757A42D0A284900963880 /* ViewController.swift */ = {isa = PBXFileReference; lastKnownFileType = sourcecode.swift; path = ViewController.swift; sourceTree = "<group>"; };
		2AB757A72D0A284A00963880 /* Base */ = {isa = PBXFileReference; lastKnownFileType = file.storyboard; name = Base; path = Base.lproj/Main.storyboard; sourceTree = "<group>"; };
		2AB757A92D0A284D00963880 /* Assets.xcassets */ = {isa = PBXFileReference; lastKnownFileType = folder.assetcatalog; path = Assets.xcassets; sourceTree = "<group>"; };
		2AB757AC2D0A284D00963880 /* Base */ = {isa = PBXFileReference; lastKnownFileType = file.storyboard; name = Base; path = Base.lproj/LaunchScreen.storyboard; sourceTree = "<group>"; };
		2AB757AE2D0A284D00963880 /* Info.plist */ = {isa = PBXFileReference; lastKnownFileType = text.plist.xml; path = Info.plist; sourceTree = "<group>"; };
		2AB757B32D0A284D00963880 /* chanceTests.xctest */ = {isa = PBXFileReference; explicitFileType = wrapper.cfbundle; includeInIndex = 0; path = chanceTests.xctest; sourceTree = BUILT_PRODUCTS_DIR; };
		2AB757B72D0A284D00963880 /* chanceTests.swift */ = {isa = PBXFileReference; lastKnownFileType = sourcecode.swift; path = chanceTests.swift; sourceTree = "<group>"; };
		2AB757BD2D0A284D00963880 /* chanceUITests.xctest */ = {isa = PBXFileReference; explicitFileType = wrapper.cfbundle; includeInIndex = 0; path = chanceUITests.xctest; sourceTree = BUILT_PRODUCTS_DIR; };
		2AB757C12D0A284D00963880 /* chanceUITests.swift */ = {isa = PBXFileReference; lastKnownFileType = sourcecode.swift; path = chanceUITests.swift; sourceTree = "<group>"; };
		2AB757C32D0A284D00963880 /* chanceUITestsLaunchTests.swift */ = {isa = PBXFileReference; lastKnownFileType = sourcecode.swift; path = chanceUITestsLaunchTests.swift; sourceTree = "<group>"; };
/* End PBXFileReference section */

/* Begin PBXFrameworksBuildPhase section */
		2AB7579A2D0A284900963880 /* Frameworks */ = {
			isa = PBXFrameworksBuildPhase;
			buildActionMask = 2147483647;
			files = (
			);
			runOnlyForDeploymentPostprocessing = 0;
		};
		2AB757B02D0A284D00963880 /* Frameworks */ = {
			isa = PBXFrameworksBuildPhase;
			buildActionMask = 2147483647;
			files = (
			);
			runOnlyForDeploymentPostprocessing = 0;
		};
		2AB757BA2D0A284D00963880 /* Frameworks */ = {
			isa = PBXFrameworksBuildPhase;
			buildActionMask = 2147483647;
			files = (
			);
			runOnlyForDeploymentPostprocessing = 0;
		};
/* End PBXFrameworksBuildPhase section */

/* Begin PBXGroup section */
		2AB757942D0A284900963880 = {
			isa = PBXGroup;
			children = (
				2AB7579F2D0A284900963880 /* chance */,
				2AB757B62D0A284D00963880 /* chanceTests */,
				2AB757C02D0A284D00963880 /* chanceUITests */,
				2AB7579E2D0A284900963880 /* Products */,
			);
			sourceTree = "<group>";
		};
		2AB7579E2D0A284900963880 /* Products */ = {
			isa = PBXGroup;
			children = (
				2AB7579D2D0A284900963880 /* chance.app */,
				2AB757B32D0A284D00963880 /* chanceTests.xctest */,
				2AB757BD2D0A284D00963880 /* chanceUITests.xctest */,
			);
			name = Products;
			sourceTree = "<group>";
		};
		2AB7579F2D0A284900963880 /* chance */ = {
			isa = PBXGroup;
			children = (
				2AB757A02D0A284900963880 /* AppDelegate.swift */,
				2AB757A22D0A284900963880 /* SceneDelegate.swift */,
				2AB757A42D0A284900963880 /* ViewController.swift */,
				2AB757A62D0A284A00963880 /* Main.storyboard */,
				2AB757A92D0A284D00963880 /* Assets.xcassets */,
				2AB757AB2D0A284D00963880 /* LaunchScreen.storyboard */,
				2AB757AE2D0A284D00963880 /* Info.plist */,
			);
			path = chance;
			sourceTree = "<group>";
		};
		2AB757B62D0A284D00963880 /* chanceTests */ = {
			isa = PBXGroup;
			children = (
				2AB757B72D0A284D00963880 /* chanceTests.swift */,
			);
			path = chanceTests;
			sourceTree = "<group>";
		};
		2AB757C02D0A284D00963880 /* chanceUITests */ = {
			isa = PBXGroup;
			children = (
				2AB757C12D0A284D00963880 /* chanceUITests.swift */,
				2AB757C32D0A284D00963880 /* chanceUITestsLaunchTests.swift */,
			);
			path = chanceUITests;
			sourceTree = "<group>";
		};
/* End PBXGroup section */

/* Begin PBXNativeTarget section */
		2AB7579C2D0A284900963880 /* chance */ = {
			isa = PBXNativeTarget;
			buildConfigurationList = 2AB757C72D0A284D00963880 /* Build configuration list for PBXNativeTarget "chance" */;
			buildPhases = (
				2AB757992D0A284900963880 /* Sources */,
				2AB7579A2D0A284900963880 /* Frameworks */,
				2AB7579B2D0A284900963880 /* Resources */,
			);
			buildRules = (
			);
			dependencies = (
			);
			name = chance;
			productName = chance;
			productReference = 2AB7579D2D0A284900963880 /* chance.app */;
			productType = "com.apple.product-type.application";
		};
		2AB757B22D0A284D00963880 /* chanceTests */ = {
			isa = PBXNativeTarget;
			buildConfigurationList = 2AB757CA2D0A284D00963880 /* Build configuration list for PBXNativeTarget "chanceTests" */;
			buildPhases = (
				2AB757AF2D0A284D00963880 /* Sources */,
				2AB757B02D0A284D00963880 /* Frameworks */,
				2AB757B12D0A284D00963880 /* Resources */,
			);
			buildRules = (
			);
			dependencies = (
				2AB757B52D0A284D00963880 /* PBXTargetDependency */,
			);
			name = chanceTests;
			productName = chanceTests;
			productReference = 2AB757B32D0A284D00963880 /* chanceTests.xctest */;
			productType = "com.apple.product-type.bundle.unit-test";
		};
		2AB757BC2D0A284D00963880 /* chanceUITests */ = {
			isa = PBXNativeTarget;
			buildConfigurationList = 2AB757CD2D0A284D00963880 /* Build configuration list for PBXNativeTarget "chanceUITests" */;
			buildPhases = (
				2AB757B92D0A284D00963880 /* Sources */,
				2AB757BA2D0A284D00963880 /* Frameworks */,
				2AB757BB2D0A284D00963880 /* Resources */,
			);
			buildRules = (
			);
			dependencies = (
				2AB757BF2D0A284D00963880 /* PBXTargetDependency */,
			);
			name = chanceUITests;
			productName = chanceUITests;
			productReference = 2AB757BD2D0A284D00963880 /* chanceUITests.xctest */;
			productType = "com.apple.product-type.bundle.ui-testing";
		};
/* End PBXNativeTarget section */

/* Begin PBXProject section */
		2AB757952D0A284900963880 /* Project object */ = {
			isa = PBXProject;
			attributes = {
				BuildIndependentTargetsInParallel = 1;
				LastSwiftUpdateCheck = 1520;
				LastUpgradeCheck = 1520;
				TargetAttributes = {
					2AB7579C2D0A284900963880 = {
						CreatedOnToolsVersion = 15.2;
					};
					2AB757B22D0A284D00963880 = {
						CreatedOnToolsVersion = 15.2;
						TestTargetID = 2AB7579C2D0A284900963880;
					};
					2AB757BC2D0A284D00963880 = {
						CreatedOnToolsVersion = 15.2;
						TestTargetID = 2AB7579C2D0A284900963880;
					};
				};
			};
			buildConfigurationList = 2AB757982D0A284900963880 /* Build configuration list for PBXProject "chance" */;
			compatibilityVersion = "Xcode 14.0";
			developmentRegion = en;
			hasScannedForEncodings = 0;
			knownRegions = (
				en,
				Base,
			);
			mainGroup = 2AB757942D0A284900963880;
			productRefGroup = 2AB7579E2D0A284900963880 /* Products */;
			projectDirPath = "";
			projectRoot = "";
			targets = (
				2AB7579C2D0A284900963880 /* chance */,
				2AB757B22D0A284D00963880 /* chanceTests */,
				2AB757BC2D0A284D00963880 /* chanceUITests */,
			);
		};
/* End PBXProject section */

/* Begin PBXResourcesBuildPhase section */
		2AB7579B2D0A284900963880 /* Resources */ = {
			isa = PBXResourcesBuildPhase;
			buildActionMask = 2147483647;
			files = (
				2AB757AD2D0A284D00963880 /* LaunchScreen.storyboard in Resources */,
				2AB757AA2D0A284D00963880 /* Assets.xcassets in Resources */,
				2AB757A82D0A284A00963880 /* Main.storyboard in Resources */,
			);
			runOnlyForDeploymentPostprocessing = 0;
		};
		2AB757B12D0A284D00963880 /* Resources */ = {
			isa = PBXResourcesBuildPhase;
			buildActionMask = 2147483647;
			files = (
			);
			runOnlyForDeploymentPostprocessing = 0;
		};
		2AB757BB2D0A284D00963880 /* Resources */ = {
			isa = PBXResourcesBuildPhase;
			buildActionMask = 2147483647;
			files = (
			);
			runOnlyForDeploymentPostprocessing = 0;
		};
/* End PBXResourcesBuildPhase section */

/* Begin PBXSourcesBuildPhase section */
		2AB757992D0A284900963880 /* Sources */ = {
			isa = PBXSourcesBuildPhase;
			buildActionMask = 2147483647;
			files = (
				2AB757A52D0A284900963880 /* ViewController.swift in Sources */,
				2AB757A12D0A284900963880 /* AppDelegate.swift in Sources */,
				2AB757A32D0A284900963880 /* SceneDelegate.swift in Sources */,
			);
			runOnlyForDeploymentPostprocessing = 0;
		};
		2AB757AF2D0A284D00963880 /* Sources */ = {
			isa = PBXSourcesBuildPhase;
			buildActionMask = 2147483647;
			files = (
				2AB757B82D0A284D00963880 /* chanceTests.swift in Sources */,
			);
			runOnlyForDeploymentPostprocessing = 0;
		};
		2AB757B92D0A284D00963880 /* Sources */ = {
			isa = PBXSourcesBuildPhase;
			buildActionMask = 2147483647;
			files = (
				2AB757C42D0A284D00963880 /* chanceUITestsLaunchTests.swift in Sources */,
				2AB757C22D0A284D00963880 /* chanceUITests.swift in Sources */,
			);
			runOnlyForDeploymentPostprocessing = 0;
		};
/* End PBXSourcesBuildPhase section */

/* Begin PBXTargetDependency section */
		2AB757B52D0A284D00963880 /* PBXTargetDependency */ = {
			isa = PBXTargetDependency;
			target = 2AB7579C2D0A284900963880 /* chance */;
			targetProxy = 2AB757B42D0A284D00963880 /* PBXContainerItemProxy */;
		};
		2AB757BF2D0A284D00963880 /* PBXTargetDependency */ = {
			isa = PBXTargetDependency;
			target = 2AB7579C2D0A284900963880 /* chance */;
			targetProxy = 2AB757BE2D0A284D00963880 /* PBXContainerItemProxy */;
		};
/* End PBXTargetDependency section */

/* Begin PBXVariantGroup section */
		2AB757A62D0A284A00963880 /* Main.storyboard */ = {
			isa = PBXVariantGroup;
			children = (
				2AB757A72D0A284A00963880 /* Base */,
			);
			name = Main.storyboard;
			sourceTree = "<group>";
		};
		2AB757AB2D0A284D00963880 /* LaunchScreen.storyboard */ = {
			isa = PBXVariantGroup;
			children = (
				2AB757AC2D0A284D00963880 /* Base */,
			);
			name = LaunchScreen.storyboard;
			sourceTree = "<group>";
		};
/* End PBXVariantGroup section */

/* Begin XCBuildConfiguration section */
		2AB757C52D0A284D00963880 /* Debug */ = {
			isa = XCBuildConfiguration;
			buildSettings = {
				ALWAYS_SEARCH_USER_PATHS = NO;
				ASSETCATALOG_COMPILER_GENERATE_SWIFT_ASSET_SYMBOL_EXTENSIONS = YES;
				CLANG_ANALYZER_NONNULL = YES;
				CLANG_ANALYZER_NUMBER_OBJECT_CONVERSION = YES_AGGRESSIVE;
				CLANG_CXX_LANGUAGE_STANDARD = "gnu++20";
				CLANG_ENABLE_MODULES = YES;
				CLANG_ENABLE_OBJC_ARC = YES;
				CLANG_ENABLE_OBJC_WEAK = YES;
				CLANG_WARN_BLOCK_CAPTURE_AUTORELEASING = YES;
				CLANG_WARN_BOOL_CONVERSION = YES;
				CLANG_WARN_COMMA = YES;
				CLANG_WARN_CONSTANT_CONVERSION = YES;
				CLANG_WARN_DEPRECATED_OBJC_IMPLEMENTATIONS = YES;
				CLANG_WARN_DIRECT_OBJC_ISA_USAGE = YES_ERROR;
				CLANG_WARN_DOCUMENTATION_COMMENTS = YES;
				CLANG_WARN_EMPTY_BODY = YES;
				CLANG_WARN_ENUM_CONVERSION = YES;
				CLANG_WARN_INFINITE_RECURSION = YES;
				CLANG_WARN_INT_CONVERSION = YES;
				CLANG_WARN_NON_LITERAL_NULL_CONVERSION = YES;
				CLANG_WARN_OBJC_IMPLICIT_RETAIN_SELF = YES;
				CLANG_WARN_OBJC_LITERAL_CONVERSION = YES;
				CLANG_WARN_OBJC_ROOT_CLASS = YES_ERROR;
				CLANG_WARN_QUOTED_INCLUDE_IN_FRAMEWORK_HEADER = YES;
				CLANG_WARN_RANGE_LOOP_ANALYSIS = YES;
				CLANG_WARN_STRICT_PROTOTYPES = YES;
				CLANG_WARN_SUSPICIOUS_MOVE = YES;
				CLANG_WARN_UNGUARDED_AVAILABILITY = YES_AGGRESSIVE;
				CLANG_WARN_UNREACHABLE_CODE = YES;
				CLANG_WARN__DUPLICATE_METHOD_MATCH = YES;
				COPY_PHASE_STRIP = NO;
				DEBUG_INFORMATION_FORMAT = dwarf;
				ENABLE_STRICT_OBJC_MSGSEND = YES;
				ENABLE_TESTABILITY = YES;
				ENABLE_USER_SCRIPT_SANDBOXING = YES;
				GCC_C_LANGUAGE_STANDARD = gnu17;
				GCC_DYNAMIC_NO_PIC = NO;
				GCC_NO_COMMON_BLOCKS = YES;
				GCC_OPTIMIZATION_LEVEL = 0;
				GCC_PREPROCESSOR_DEFINITIONS = (
					"DEBUG=1",
					"$(inherited)",
				);
				GCC_WARN_64_TO_32_BIT_CONVERSION = YES;
				GCC_WARN_ABOUT_RETURN_TYPE = YES_ERROR;
				GCC_WARN_UNDECLARED_SELECTOR = YES;
				GCC_WARN_UNINITIALIZED_AUTOS = YES_AGGRESSIVE;
				GCC_WARN_UNUSED_FUNCTION = YES;
				GCC_WARN_UNUSED_VARIABLE = YES;
				IPHONEOS_DEPLOYMENT_TARGET = 17.2;
				LOCALIZATION_PREFERS_STRING_CATALOGS = YES;
				MTL_ENABLE_DEBUG_INFO = INCLUDE_SOURCE;
				MTL_FAST_MATH = YES;
				ONLY_ACTIVE_ARCH = YES;
				SDKROOT = iphoneos;
				SWIFT_ACTIVE_COMPILATION_CONDITIONS = "DEBUG $(inherited)";
				SWIFT_OPTIMIZATION_LEVEL = "-Onone";
			};
			name = Debug;
		};
		2AB757C62D0A284D00963880 /* Release */ = {
			isa = XCBuildConfiguration;
			buildSettings = {
				ALWAYS_SEARCH_USER_PATHS = NO;
				ASSETCATALOG_COMPILER_GENERATE_SWIFT_ASSET_SYMBOL_EXTENSIONS = YES;
				CLANG_ANALYZER_NONNULL = YES;
				CLANG_ANALYZER_NUMBER_OBJECT_CONVERSION = YES_AGGRESSIVE;
				CLANG_CXX_LANGUAGE_STANDARD = "gnu++20";
				CLANG_ENABLE_MODULES = YES;
				CLANG_ENABLE_OBJC_ARC = YES;
				CLANG_ENABLE_OBJC_WEAK = YES;
				CLANG_WARN_BLOCK_CAPTURE_AUTORELEASING = YES;
				CLANG_WARN_BOOL_CONVERSION = YES;
				CLANG_WARN_COMMA = YES;
				CLANG_WARN_CONSTANT_CONVERSION = YES;
				CLANG_WARN_DEPRECATED_OBJC_IMPLEMENTATIONS = YES;
				CLANG_WARN_DIRECT_OBJC_ISA_USAGE = YES_ERROR;
				CLANG_WARN_DOCUMENTATION_COMMENTS = YES;
				CLANG_WARN_EMPTY_BODY = YES;
				CLANG_WARN_ENUM_CONVERSION = YES;
				CLANG_WARN_INFINITE_RECURSION = YES;
				CLANG_WARN_INT_CONVERSION = YES;
				CLANG_WARN_NON_LITERAL_NULL_CONVERSION = YES;
				CLANG_WARN_OBJC_IMPLICIT_RETAIN_SELF = YES;
				CLANG_WARN_OBJC_LITERAL_CONVERSION = YES;
				CLANG_WARN_OBJC_ROOT_CLASS = YES_ERROR;
				CLANG_WARN_QUOTED_INCLUDE_IN_FRAMEWORK_HEADER = YES;
				CLANG_WARN_RANGE_LOOP_ANALYSIS = YES;
				CLANG_WARN_STRICT_PROTOTYPES = YES;
				CLANG_WARN_SUSPICIOUS_MOVE = YES;
				CLANG_WARN_UNGUARDED_AVAILABILITY = YES_AGGRESSIVE;
				CLANG_WARN_UNREACHABLE_CODE = YES;
				CLANG_WARN__DUPLICATE_METHOD_MATCH = YES;
				COPY_PHASE_STRIP = NO;
				DEBUG_INFORMATION_FORMAT = "dwarf-with-dsym";
				ENABLE_NS_ASSERTIONS = NO;
				ENABLE_STRICT_OBJC_MSGSEND = YES;
				ENABLE_USER_SCRIPT_SANDBOXING = YES;
				GCC_C_LANGUAGE_STANDARD = gnu17;
				GCC_NO_COMMON_BLOCKS = YES;
				GCC_WARN_64_TO_32_BIT_CONVERSION = YES;
				GCC_WARN_ABOUT_RETURN_TYPE = YES_ERROR;
				GCC_WARN_UNDECLARED_SELECTOR = YES;
				GCC_WARN_UNINITIALIZED_AUTOS = YES_AGGRESSIVE;
				GCC_WARN_UNUSED_FUNCTION = YES;
				GCC_WARN_UNUSED_VARIABLE = YES;
				IPHONEOS_DEPLOYMENT_TARGET = 17.2;
				LOCALIZATION_PREFERS_STRING_CATALOGS = YES;
				MTL_ENABLE_DEBUG_INFO = NO;
				MTL_FAST_MATH = YES;
				SDKROOT = iphoneos;
				SWIFT_COMPILATION_MODE = wholemodule;
				VALIDATE_PRODUCT = YES;
			};
			name = Release;
		};
		2AB757C82D0A284D00963880 /* Debug */ = {
			isa = XCBuildConfiguration;
			buildSettings = {
				ASSETCATALOG_COMPILER_APPICON_NAME = AppIcon;
				ASSETCATALOG_COMPILER_GLOBAL_ACCENT_COLOR_NAME = AccentColor;
				CODE_SIGN_STYLE = Automatic;
				CURRENT_PROJECT_VERSION = 1;
				GENERATE_INFOPLIST_FILE = YES;
				INFOPLIST_FILE = chance/Info.plist;
				INFOPLIST_KEY_UIApplicationSupportsIndirectInputEvents = YES;
				INFOPLIST_KEY_UILaunchStoryboardName = LaunchScreen;
				INFOPLIST_KEY_UIMainStoryboardFile = Main;
				INFOPLIST_KEY_UISupportedInterfaceOrientations_iPad = "UIInterfaceOrientationPortrait UIInterfaceOrientationPortraitUpsideDown UIInterfaceOrientationLandscapeLeft UIInterfaceOrientationLandscapeRight";
				INFOPLIST_KEY_UISupportedInterfaceOrientations_iPhone = "UIInterfaceOrientationPortrait UIInterfaceOrientationLandscapeLeft UIInterfaceOrientationLandscapeRight";
				LD_RUNPATH_SEARCH_PATHS = (
					"$(inherited)",
					"@executable_path/Frameworks",
				);
				MARKETING_VERSION = 1.0;
				PRODUCT_BUNDLE_IDENTIFIER = com.erayunal.chance;
				PRODUCT_NAME = "$(TARGET_NAME)";
				SWIFT_EMIT_LOC_STRINGS = YES;
				SWIFT_VERSION = 5.0;
				TARGETED_DEVICE_FAMILY = "1,2";
			};
			name = Debug;
		};
		2AB757C92D0A284D00963880 /* Release */ = {
			isa = XCBuildConfiguration;
			buildSettings = {
				ASSETCATALOG_COMPILER_APPICON_NAME = AppIcon;
				ASSETCATALOG_COMPILER_GLOBAL_ACCENT_COLOR_NAME = AccentColor;
				CODE_SIGN_STYLE = Automatic;
				CURRENT_PROJECT_VERSION = 1;
				GENERATE_INFOPLIST_FILE = YES;
				INFOPLIST_FILE = chance/Info.plist;
				INFOPLIST_KEY_UIApplicationSupportsIndirectInputEvents = YES;
				INFOPLIST_KEY_UILaunchStoryboardName = LaunchScreen;
				INFOPLIST_KEY_UIMainStoryboardFile = Main;
				INFOPLIST_KEY_UISupportedInterfaceOrientations_iPad = "UIInterfaceOrientationPortrait UIInterfaceOrientationPortraitUpsideDown UIInterfaceOrientationLandscapeLeft UIInterfaceOrientationLandscapeRight";
				INFOPLIST_KEY_UISupportedInterfaceOrientations_iPhone = "UIInterfaceOrientationPortrait UIInterfaceOrientationLandscapeLeft UIInterfaceOrientationLandscapeRight";
				LD_RUNPATH_SEARCH_PATHS = (
					"$(inherited)",
					"@executable_path/Frameworks",
				);
				MARKETING_VERSION = 1.0;
				PRODUCT_BUNDLE_IDENTIFIER = com.erayunal.chance;
				PRODUCT_NAME = "$(TARGET_NAME)";
				SWIFT_EMIT_LOC_STRINGS = YES;
				SWIFT_VERSION = 5.0;
				TARGETED_DEVICE_FAMILY = "1,2";
			};
			name = Release;
		};
		2AB757CB2D0A284D00963880 /* Debug */ = {
			isa = XCBuildConfiguration;
			buildSettings = {
				ALWAYS_EMBED_SWIFT_STANDARD_LIBRARIES = YES;
				BUNDLE_LOADER = "$(TEST_HOST)";
				CODE_SIGN_STYLE = Automatic;
				CURRENT_PROJECT_VERSION = 1;
				GENERATE_INFOPLIST_FILE = YES;
				IPHONEOS_DEPLOYMENT_TARGET = 17.2;
				MARKETING_VERSION = 1.0;
				PRODUCT_BUNDLE_IDENTIFIER = com.erayunal.chanceTests;
				PRODUCT_NAME = "$(TARGET_NAME)";
				SWIFT_EMIT_LOC_STRINGS = NO;
				SWIFT_VERSION = 5.0;
				TARGETED_DEVICE_FAMILY = "1,2";
				TEST_HOST = "$(BUILT_PRODUCTS_DIR)/chance.app/$(BUNDLE_EXECUTABLE_FOLDER_PATH)/chance";
			};
			name = Debug;
		};
		2AB757CC2D0A284D00963880 /* Release */ = {
			isa = XCBuildConfiguration;
			buildSettings = {
				ALWAYS_EMBED_SWIFT_STANDARD_LIBRARIES = YES;
				BUNDLE_LOADER = "$(TEST_HOST)";
				CODE_SIGN_STYLE = Automatic;
				CURRENT_PROJECT_VERSION = 1;
				GENERATE_INFOPLIST_FILE = YES;
				IPHONEOS_DEPLOYMENT_TARGET = 17.2;
				MARKETING_VERSION = 1.0;
				PRODUCT_BUNDLE_IDENTIFIER = com.erayunal.chanceTests;
				PRODUCT_NAME = "$(TARGET_NAME)";
				SWIFT_EMIT_LOC_STRINGS = NO;
				SWIFT_VERSION = 5.0;
				TARGETED_DEVICE_FAMILY = "1,2";
				TEST_HOST = "$(BUILT_PRODUCTS_DIR)/chance.app/$(BUNDLE_EXECUTABLE_FOLDER_PATH)/chance";
			};
			name = Release;
		};
		2AB757CE2D0A284D00963880 /* Debug */ = {
			isa = XCBuildConfiguration;
			buildSettings = {
				ALWAYS_EMBED_SWIFT_STANDARD_LIBRARIES = YES;
				CODE_SIGN_STYLE = Automatic;
				CURRENT_PROJECT_VERSION = 1;
				GENERATE_INFOPLIST_FILE = YES;
				MARKETING_VERSION = 1.0;
				PRODUCT_BUNDLE_IDENTIFIER = com.erayunal.chanceUITests;
				PRODUCT_NAME = "$(TARGET_NAME)";
				SWIFT_EMIT_LOC_STRINGS = NO;
				SWIFT_VERSION = 5.0;
				TARGETED_DEVICE_FAMILY = "1,2";
				TEST_TARGET_NAME = chance;
			};
			name = Debug;
		};
		2AB757CF2D0A284D00963880 /* Release */ = {
			isa = XCBuildConfiguration;
			buildSettings = {
				ALWAYS_EMBED_SWIFT_STANDARD_LIBRARIES = YES;
				CODE_SIGN_STYLE = Automatic;
				CURRENT_PROJECT_VERSION = 1;
				GENERATE_INFOPLIST_FILE = YES;
				MARKETING_VERSION = 1.0;
				PRODUCT_BUNDLE_IDENTIFIER = com.erayunal.chanceUITests;
				PRODUCT_NAME = "$(TARGET_NAME)";
				SWIFT_EMIT_LOC_STRINGS = NO;
				SWIFT_VERSION = 5.0;
				TARGETED_DEVICE_FAMILY = "1,2";
				TEST_TARGET_NAME = chance;
			};
			name = Release;
		};
/* End XCBuildConfiguration section */

/* Begin XCConfigurationList section */
		2AB757982D0A284900963880 /* Build configuration list for PBXProject "chance" */ = {
			isa = XCConfigurationList;
			buildConfigurations = (
				2AB757C52D0A284D00963880 /* Debug */,
				2AB757C62D0A284D00963880 /* Release */,
			);
			defaultConfigurationIsVisible = 0;
			defaultConfigurationName = Release;
		};
		2AB757C72D0A284D00963880 /* Build configuration list for PBXNativeTarget "chance" */ = {
			isa = XCConfigurationList;
			buildConfigurations = (
				2AB757C82D0A284D00963880 /* Debug */,
				2AB757C92D0A284D00963880 /* Release */,
			);
			defaultConfigurationIsVisible = 0;
			defaultConfigurationName = Release;
		};
		2AB757CA2D0A284D00963880 /* Build configuration list for PBXNativeTarget "chanceTests" */ = {
			isa = XCConfigurationList;
			buildConfigurations = (
				2AB757CB2D0A284D00963880 /* Debug */,
				2AB757CC2D0A284D00963880 /* Release */,
			);
			defaultConfigurationIsVisible = 0;
			defaultConfigurationName = Release;
		};
		2AB757CD2D0A284D00963880 /* Build configuration list for PBXNativeTarget "chanceUITests" */ = {
			isa = XCConfigurationList;
			buildConfigurations = (
				2AB757CE2D0A284D00963880 /* Debug */,
				2AB757CF2D0A284D00963880 /* Release */,
			);
			defaultConfigurationIsVisible = 0;
			defaultConfigurationName = Release;
		};
/* End XCConfigurationList section */
	};
	rootObject = 2AB757952D0A284900963880 /* Project object */;
}
